{
  "name": "miica-skills",
  "version": "0.1.0",
  "lockfileVersion": 3,
  "requires": true,
  "packages": {
    "": {
      "name": "miica-skills",
      "version": "0.1.0",
      "license": "MIT",
      "bin": {
        "miica-skills": "bin/miica-skills.js"
      },
      "engines": {
        "node": ">=22"
      }
    }
  }
}
